
Microsoft Visual Studio Solution File, Format Version 12.00
# Visual Studio Version 17
VisualStudioVersion = 17.7.34031.279
MinimumVisualStudioVersion = 10.0.40219.1
Project("{FAE04EC0-301F-11D3-BF4B-00C04F79EFBC}") = "Doan1", "Doan1\Doan1.csproj", "{8F539883-F892-4930-BCC4-98345A1DD715}"
EndProject
Global
	GlobalSection(SolutionConfigurationPlatforms) = preSolution
		Debug|Any CPU = Debug|Any CPU
		Release|Any CPU = Release|Any CPU
	EndGlobalSection
	GlobalSection(ProjectConfigurationPlatforms) = postSolution
		{8F539883-F892-4930-BCC4-98345A1DD715}.Debug|Any CPU.ActiveCfg = Debug|Any CPU
		{8F539883-F892-4930-BCC4-98345A1DD715}.Debug|Any CPU.Build.0 = Debug|Any CPU
		{8F539883-F892-4930-BCC4-98345A1DD715}.Release|Any CPU.ActiveCfg = Release|Any CPU
		{8F539883-F892-4930-BCC4-98345A1DD715}.Release|Any CPU.Build.0 = Release|Any CPU
	EndGlobalSection
	GlobalSection(SolutionProperties) = preSolution
		HideSolutionNode = FALSE
	EndGlobalSection
	GlobalSection(ExtensibilityGlobals) = postSolution
		SolutionGuid = {A93C5AE8-C068-4E56-8DEE-00E6F80CAEAB}
	EndGlobalSection
EndGlobal
